
Microsoft Visual Studio Solution File, Format Version 10.00
# Visual Studio 2008
Project("{8BC9CEB8-8B4A-11D0-8D11-00A0C91BC942}") = "aereg", "aereg.vcproj", "{283DCBCD-6013-4E01-87BC-A105A07AEB50}"
EndProject
Global
	GlobalSection(SolutionConfigurationPlatforms) = preSolution
		Debug|Win32 = Debug|Win32
		Release|Win32 = Release|Win32
	EndGlobalSection
	GlobalSection(ProjectConfigurationPlatforms) = postSolution
		{283DCBCD-6013-4E01-87BC-A105A07AEB50}.Debug|Win32.ActiveCfg = Debug|Win32
		{283DCBCD-6013-4E01-87BC-A105A07AEB50}.Debug|Win32.Build.0 = Debug|Win32
		{283DCBCD-6013-4E01-87BC-A105A07AEB50}.Release|Win32.ActiveCfg = Release|Win32
		{283DCBCD-6013-4E01-87BC-A105A07AEB50}.Release|Win32.Build.0 = Release|Win32
	EndGlobalSection
	GlobalSection(SolutionProperties) = preSolution
		HideSolutionNode = FALSE
	EndGlobalSection
EndGlobal
